
Microsoft Visual Studio Solution File, Format Version 12.00
# Visual Studio Version 17
VisualStudioVersion = 17.2.32630.192
MinimumVisualStudioVersion = 10.0.40219.1
Project("{8BC9CEB8-8B4A-11D0-8D11-00A0C91BC942}") = "engGraphLab3_2", "engGraphLab3_2\engGraphLab3_2.vcxproj", "{A1E2F1B8-7561-41EE-8AB4-E6D13E2D6035}"
EndProject
Global
	GlobalSection(SolutionConfigurationPlatforms) = preSolution
		Debug|x64 = Debug|x64
		Debug|x86 = Debug|x86
		Release|x64 = Release|x64
		Release|x86 = Release|x86
	EndGlobalSection
	GlobalSection(ProjectConfigurationPlatforms) = postSolution
		{A1E2F1B8-7561-41EE-8AB4-E6D13E2D6035}.Debug|x64.ActiveCfg = Debug|x64
		{A1E2F1B8-7561-41EE-8AB4-E6D13E2D6035}.Debug|x64.Build.0 = Debug|x64
		{A1E2F1B8-7561-41EE-8AB4-E6D13E2D6035}.Debug|x86.ActiveCfg = Debug|Win32
		{A1E2F1B8-7561-41EE-8AB4-E6D13E2D6035}.Debug|x86.Build.0 = Debug|Win32
		{A1E2F1B8-7561-41EE-8AB4-E6D13E2D6035}.Release|x64.ActiveCfg = Release|x64
		{A1E2F1B8-7561-41EE-8AB4-E6D13E2D6035}.Release|x64.Build.0 = Release|x64
		{A1E2F1B8-7561-41EE-8AB4-E6D13E2D6035}.Release|x86.ActiveCfg = Release|Win32
		{A1E2F1B8-7561-41EE-8AB4-E6D13E2D6035}.Release|x86.Build.0 = Release|Win32
	EndGlobalSection
	GlobalSection(SolutionProperties) = preSolution
		HideSolutionNode = FALSE
	EndGlobalSection
	GlobalSection(ExtensibilityGlobals) = postSolution
		SolutionGuid = {9F50B6C2-6763-4BAF-9EE9-219880D0BE88}
	EndGlobalSection
EndGlobal
